
Microsoft Visual Studio Solution File, Format Version 12.00
# Visual Studio Version 17
VisualStudioVersion = 17.10.35013.160
MinimumVisualStudioVersion = 10.0.40219.1
Project("{FAE04EC0-301F-11D3-BF4B-00C04F79EFBC}") = "eTickets", "eTickets\eTickets.csproj", "{BE0B37BE-0B3F-4A84-858B-A97F1BB11776}"
EndProject
Global
	GlobalSection(SolutionConfigurationPlatforms) = preSolution
		Debug|Any CPU = Debug|Any CPU
		Release|Any CPU = Release|Any CPU
	EndGlobalSection
	GlobalSection(ProjectConfigurationPlatforms) = postSolution
		{BE0B37BE-0B3F-4A84-858B-A97F1BB11776}.Debug|Any CPU.ActiveCfg = Debug|Any CPU
		{BE0B37BE-0B3F-4A84-858B-A97F1BB11776}.Debug|Any CPU.Build.0 = Debug|Any CPU
		{BE0B37BE-0B3F-4A84-858B-A97F1BB11776}.Release|Any CPU.ActiveCfg = Release|Any CPU
		{BE0B37BE-0B3F-4A84-858B-A97F1BB11776}.Release|Any CPU.Build.0 = Release|Any CPU
	EndGlobalSection
	GlobalSection(SolutionProperties) = preSolution
		HideSolutionNode = FALSE
	EndGlobalSection
	GlobalSection(ExtensibilityGlobals) = postSolution
		SolutionGuid = {14F8DE7B-2448-4B4C-9E2A-5528FE60DA47}
	EndGlobalSection
EndGlobal
